// !$*UTF8*$!
{
	archiveVersion = 1;
	classes = {
	};
	objectVersion = 50;
	objects = {

/* Begin PBXBuildFile section */
		1B72833610E48BE1F66E2B97 /* Pods_GoToMarket.framework in Frameworks */ = {isa = PBXBuildFile; fileRef = 3C254E305E16CD1431F91097 /* Pods_GoToMarket.framework */; };
		32070B4B20A44CA700A6BA27 /* OpenDataApiStruct.swift in Sources */ = {isa = PBXBuildFile; fileRef = 32070B4A20A44CA700A6BA27 /* OpenDataApiStruct.swift */; };
		32070B5120A52D6000A6BA27 /* CustomTableViewCell.swift in Sources */ = {isa = PBXBuildFile; fileRef = 32070B5020A52D6000A6BA27 /* CustomTableViewCell.swift */; };
		32070B5320A53DBB00A6BA27 /* TestFolding.storyboard in Resources */ = {isa = PBXBuildFile; fileRef = 32070B5220A53DBB00A6BA27 /* TestFolding.storyboard */; };
		32070B5520A53DD200A6BA27 /* Notes.storyboard in Resources */ = {isa = PBXBuildFile; fileRef = 32070B5420A53DD200A6BA27 /* Notes.storyboard */; };
		32070B5720A53E0000A6BA27 /* Detail.storyboard in Resources */ = {isa = PBXBuildFile; fileRef = 32070B5620A53E0000A6BA27 /* Detail.storyboard */; };
		32070B5920A53E2300A6BA27 /* Settings.storyboard in Resources */ = {isa = PBXBuildFile; fileRef = 32070B5820A53E2300A6BA27 /* Settings.storyboard */; };
		32070B6220A5556300A6BA27 /* TabBar.storyboard in Resources */ = {isa = PBXBuildFile; fileRef = 32070B6120A5556300A6BA27 /* TabBar.storyboard */; };
		32070B6420A5616800A6BA27 /* TabBarViewController.swift in Sources */ = {isa = PBXBuildFile; fileRef = 32070B6320A5616800A6BA27 /* TabBarViewController.swift */; };
		32070B6720A5670900A6BA27 /* ExtensionUIStoryboard.swift in Sources */ = {isa = PBXBuildFile; fileRef = 32070B6620A5670900A6BA27 /* ExtensionUIStoryboard.swift */; };
		32070B6A20A56C9600A6BA27 /* GoToMarketColor.swift in Sources */ = {isa = PBXBuildFile; fileRef = 32070B6920A56C9600A6BA27 /* GoToMarketColor.swift */; };
		32070B6E20A5AC9500A6BA27 /* RAMBounceAnimation.swift in Sources */ = {isa = PBXBuildFile; fileRef = 32070B6D20A5AC9500A6BA27 /* RAMBounceAnimation.swift */; };
		32136E6E20B7EC2500663C6E /* toolBarViewController.swift in Sources */ = {isa = PBXBuildFile; fileRef = 32136E6D20B7EC2500663C6E /* toolBarViewController.swift */; };
		32136E7420B83DEC00663C6E /* SortButtonStruct.swift in Sources */ = {isa = PBXBuildFile; fileRef = 32136E7320B83DEC00663C6E /* SortButtonStruct.swift */; };
		32136E7720B8449600663C6E /* NSSortDescriptorProvider.swift in Sources */ = {isa = PBXBuildFile; fileRef = 32136E7620B8449600663C6E /* NSSortDescriptorProvider.swift */; };
		32136E7920B84ACA00663C6E /* NSSortDescriptorManager.swift in Sources */ = {isa = PBXBuildFile; fileRef = 32136E7820B84ACA00663C6E /* NSSortDescriptorManager.swift */; };
		3217C15420B3BBB2006B9DA7 /* ExtnesionUIView.swift in Sources */ = {isa = PBXBuildFile; fileRef = 3217C15320B3BBB2006B9DA7 /* ExtnesionUIView.swift */; };
		3217C15720B420D6006B9DA7 /* NoteTableViewCell.xib in Resources */ = {isa = PBXBuildFile; fileRef = 3217C15620B420D6006B9DA7 /* NoteTableViewCell.xib */; };
		3217C15920B47FBE006B9DA7 /* NoteTableViewCell.swift in Sources */ = {isa = PBXBuildFile; fileRef = 3217C15820B47FBE006B9DA7 /* NoteTableViewCell.swift */; };
		3217C15C20B4FED5006B9DA7 /* NoteViewController.swift in Sources */ = {isa = PBXBuildFile; fileRef = 3217C15B20B4FED5006B9DA7 /* NoteViewController.swift */; };
		3230F3D120AA86C0002812E0 /* QuotesTableViewCell.xib in Resources */ = {isa = PBXBuildFile; fileRef = 3230F3D020AA86C0002812E0 /* QuotesTableViewCell.xib */; };
		3230F3D620AAB025002812E0 /* QuotesTableViewCell.swift in Sources */ = {isa = PBXBuildFile; fileRef = 3230F3D520AAB025002812E0 /* QuotesTableViewCell.swift */; };
		3230F3DA20AAB545002812E0 /* Quotes.storyboard in Resources */ = {isa = PBXBuildFile; fileRef = 3230F3D920AAB545002812E0 /* Quotes.storyboard */; };
		3230F3DD20AAB734002812E0 /* QuotesViewController.swift in Sources */ = {isa = PBXBuildFile; fileRef = 3230F3DC20AAB734002812E0 /* QuotesViewController.swift */; };
		3230F3DF20AAB750002812E0 /* DetailViewController.swift in Sources */ = {isa = PBXBuildFile; fileRef = 3230F3DE20AAB750002812E0 /* DetailViewController.swift */; };
		3230F3E120AAB928002812E0 /* ExtensionQuotesViewController.swift in Sources */ = {isa = PBXBuildFile; fileRef = 3230F3E020AAB928002812E0 /* ExtensionQuotesViewController.swift */; };
		3230F3E620AAD1CA002812E0 /* PriceStringProvider.swift in Sources */ = {isa = PBXBuildFile; fileRef = 3230F3E520AAD1CA002812E0 /* PriceStringProvider.swift */; };
		3230F3E920AC1340002812E0 /* WikiConstant.swift in Sources */ = {isa = PBXBuildFile; fileRef = 3230F3E820AC1340002812E0 /* WikiConstant.swift */; };
		3230F3EB20AC1509002812E0 /* WikiManager.swift in Sources */ = {isa = PBXBuildFile; fileRef = 3230F3EA20AC1509002812E0 /* WikiManager.swift */; };
		3230F3ED20AC15BC002812E0 /* WikiStruct.swift in Sources */ = {isa = PBXBuildFile; fileRef = 3230F3EC20AC15BC002812E0 /* WikiStruct.swift */; };
		3230F3F120AC1C50002812E0 /* HTTPRequest.swift in Sources */ = {isa = PBXBuildFile; fileRef = 3230F3F020AC1C50002812E0 /* HTTPRequest.swift */; };
		326D78F220A5D4D400EE0887 /* TestFoldingTableViewCell.swift in Sources */ = {isa = PBXBuildFile; fileRef = 326D78F120A5D4D400EE0887 /* TestFoldingTableViewCell.swift */; };
		326D78F520A5DF6D00EE0887 /* TestFoldingTableViewCell.xib in Resources */ = {isa = PBXBuildFile; fileRef = 326D78F420A5DF6D00EE0887 /* TestFoldingTableViewCell.xib */; };
		327A4DF9209C48D200B3EEE9 /* UserNotes+CoreDataClass.swift in Sources */ = {isa = PBXBuildFile; fileRef = 327A4DF1209C48D200B3EEE9 /* UserNotes+CoreDataClass.swift */; };
		327A4DFA209C48D200B3EEE9 /* UserNotes+CoreDataProperties.swift in Sources */ = {isa = PBXBuildFile; fileRef = 327A4DF2209C48D200B3EEE9 /* UserNotes+CoreDataProperties.swift */; };
		327A4DFF209F438F00B3EEE9 /* NoteConstant.swift in Sources */ = {isa = PBXBuildFile; fileRef = 327A4DFE209F438F00B3EEE9 /* NoteConstant.swift */; };
		327A4E0120A0542F00B3EEE9 /* NoteProvider.swift in Sources */ = {isa = PBXBuildFile; fileRef = 327A4E0020A0542F00B3EEE9 /* NoteProvider.swift */; };
		327A4E0320A0566400B3EEE9 /* NoteManager.swift in Sources */ = {isa = PBXBuildFile; fileRef = 327A4E0220A0566400B3EEE9 /* NoteManager.swift */; };
		327E1B6720A1F7F60020511A /* MarketSetting.storyboard in Resources */ = {isa = PBXBuildFile; fileRef = 327E1B6620A1F7F60020511A /* MarketSetting.storyboard */; };
		327E1B6D20A2CBAC0020511A /* LoadingIndexStruct.swift in Sources */ = {isa = PBXBuildFile; fileRef = 327E1B6C20A2CBAC0020511A /* LoadingIndexStruct.swift */; };
		327E1B6F20A2D2950020511A /* LoadingTaskKeeper.swift in Sources */ = {isa = PBXBuildFile; fileRef = 327E1B6E20A2D2950020511A /* LoadingTaskKeeper.swift */; };
		329BC6C7209700D600CC9096 /* AppDelegate.swift in Sources */ = {isa = PBXBuildFile; fileRef = 329BC6C6209700D600CC9096 /* AppDelegate.swift */; };
		329BC6CC209700D600CC9096 /* MainTab.storyboard in Resources */ = {isa = PBXBuildFile; fileRef = 329BC6CA209700D600CC9096 /* MainTab.storyboard */; };
		329BC6CF209700D600CC9096 /* GoToMarket.xcdatamodeld in Sources */ = {isa = PBXBuildFile; fileRef = 329BC6CD209700D600CC9096 /* GoToMarket.xcdatamodeld */; };
		329BC6D1209700D700CC9096 /* Assets.xcassets in Resources */ = {isa = PBXBuildFile; fileRef = 329BC6D0209700D700CC9096 /* Assets.xcassets */; };
		329BC6D4209700D700CC9096 /* LaunchScreen.storyboard in Resources */ = {isa = PBXBuildFile; fileRef = 329BC6D2209700D700CC9096 /* LaunchScreen.storyboard */; };
		329BC6DC209701BA00CC9096 /* CropStruct.swift in Sources */ = {isa = PBXBuildFile; fileRef = 329BC6DB209701BA00CC9096 /* CropStruct.swift */; };
		329BC6DE2097198400CC9096 /* CropConstant.swift in Sources */ = {isa = PBXBuildFile; fileRef = 329BC6DD2097198400CC9096 /* CropConstant.swift */; };
		329BC6E32098496E00CC9096 /* CropDatas+CoreDataClass.swift in Sources */ = {isa = PBXBuildFile; fileRef = 329BC6E12098496E00CC9096 /* CropDatas+CoreDataClass.swift */; };
		329BC6E42098496E00CC9096 /* CropDatas+CoreDataProperties.swift in Sources */ = {isa = PBXBuildFile; fileRef = 329BC6E22098496E00CC9096 /* CropDatas+CoreDataProperties.swift */; };
		329BC6EF2099710400CC9096 /* ODHTTPRequest.swift in Sources */ = {isa = PBXBuildFile; fileRef = 329BC6EE2099710400CC9096 /* ODHTTPRequest.swift */; };
		329BC6F1209971FF00CC9096 /* GoToMarketError.swift in Sources */ = {isa = PBXBuildFile; fileRef = 329BC6F0209971FF00CC9096 /* GoToMarketError.swift */; };
		329BC6F320997D3C00CC9096 /* HTTPClient.swift in Sources */ = {isa = PBXBuildFile; fileRef = 329BC6F220997D3C00CC9096 /* HTTPClient.swift */; };
		329BC6F6209986EF00CC9096 /* CropProvider.swift in Sources */ = {isa = PBXBuildFile; fileRef = 329BC6F5209986EF00CC9096 /* CropProvider.swift */; };
		32B1E37B20AEC1C200336B09 /* ExtensionArray.swift in Sources */ = {isa = PBXBuildFile; fileRef = 32B1E37A20AEC1C200336B09 /* ExtensionArray.swift */; };
		32B1E38120AED4C900336B09 /* DetailTitleTableViewCell.swift in Sources */ = {isa = PBXBuildFile; fileRef = 32B1E38020AED4C900336B09 /* DetailTitleTableViewCell.swift */; };
		32B1E38320AED4DB00336B09 /* DetailTitleTableViewCell.xib in Resources */ = {isa = PBXBuildFile; fileRef = 32B1E38220AED4DB00336B09 /* DetailTitleTableViewCell.xib */; };
		32B1E38520AED4F400336B09 /* DetailIntroTableViewCell.swift in Sources */ = {isa = PBXBuildFile; fileRef = 32B1E38420AED4F400336B09 /* DetailIntroTableViewCell.swift */; };
		32B1E38720AED4FF00336B09 /* DetailIntroTableViewCell.xib in Resources */ = {isa = PBXBuildFile; fileRef = 32B1E38620AED4FF00336B09 /* DetailIntroTableViewCell.xib */; };
		32B1E38920AED54B00336B09 /* DetailQuotesTableViewCell.xib in Resources */ = {isa = PBXBuildFile; fileRef = 32B1E38820AED54B00336B09 /* DetailQuotesTableViewCell.xib */; };
		32B1E38B20AED55800336B09 /* DetailQuotesTableViewCell.swift in Sources */ = {isa = PBXBuildFile; fileRef = 32B1E38A20AED55800336B09 /* DetailQuotesTableViewCell.swift */; };
		32B1E38D20AED56800336B09 /* DetailHistoryTableViewCell.swift in Sources */ = {isa = PBXBuildFile; fileRef = 32B1E38C20AED56800336B09 /* DetailHistoryTableViewCell.swift */; };
		32B1E38F20AED57100336B09 /* DetailHistoryTableViewCell.xib in Resources */ = {isa = PBXBuildFile; fileRef = 32B1E38E20AED57100336B09 /* DetailHistoryTableViewCell.xib */; };
		32B1E39120AED98100336B09 /* DetailTableViewCellDelegate.swift in Sources */ = {isa = PBXBuildFile; fileRef = 32B1E39020AED98100336B09 /* DetailTableViewCellDelegate.swift */; };
		32B1E39320AEEA5100336B09 /* DetailRowType.swift in Sources */ = {isa = PBXBuildFile; fileRef = 32B1E39220AEEA5100336B09 /* DetailRowType.swift */; };
		32B1E39A20B02AC900336B09 /* MarketSettingViewController.swift in Sources */ = {isa = PBXBuildFile; fileRef = 32B1E39920B02AC900336B09 /* MarketSettingViewController.swift */; };
		32B1E39E20B02C2B00336B09 /* MarketsTableViewController.swift in Sources */ = {isa = PBXBuildFile; fileRef = 32B1E39D20B02C2B00336B09 /* MarketsTableViewController.swift */; };
		32B1E3A020B034B100336B09 /* EnumCollection.swift in Sources */ = {isa = PBXBuildFile; fileRef = 32B1E39F20B034B100336B09 /* EnumCollection.swift */; };
		32B1E3A220B169DC00336B09 /* Loading.storyboard in Resources */ = {isa = PBXBuildFile; fileRef = 32B1E3A120B169DC00336B09 /* Loading.storyboard */; };
		32B1E3AD20B16F2C00336B09 /* LoadingViewController.swift in Sources */ = {isa = PBXBuildFile; fileRef = 32B1E3AC20B16F2C00336B09 /* LoadingViewController.swift */; };
		32B1E3B020B17F7200336B09 /* success.json in Resources */ = {isa = PBXBuildFile; fileRef = 32B1E3AE20B17F7200336B09 /* success.json */; };
		32B1E3B120B17F7200336B09 /* warning.json in Resources */ = {isa = PBXBuildFile; fileRef = 32B1E3AF20B17F7200336B09 /* warning.json */; };
		32B1E3B320B17F7D00336B09 /* loading.json in Resources */ = {isa = PBXBuildFile; fileRef = 32B1E3B220B17F7D00336B09 /* loading.json */; };
		32B1E3B520B1814200336B09 /* AnimationConstant.swift in Sources */ = {isa = PBXBuildFile; fileRef = 32B1E3B420B1814200336B09 /* AnimationConstant.swift */; };
		32B1E3B820B1AB1B00336B09 /* SettingViewController.swift in Sources */ = {isa = PBXBuildFile; fileRef = 32B1E3B720B1AB1B00336B09 /* SettingViewController.swift */; };
		32B1E3C220B2CBD100336B09 /* ExtensionUIImage.swift in Sources */ = {isa = PBXBuildFile; fileRef = 32B1E3C120B2CBD100336B09 /* ExtensionUIImage.swift */; };
		32BB0C5320999814001ECF52 /* TWDateProvider.swift in Sources */ = {isa = PBXBuildFile; fileRef = 32BB0C5220999814001ECF52 /* TWDateProvider.swift */; };
		32BB0C552099BE30001ECF52 /* CropManager.swift in Sources */ = {isa = PBXBuildFile; fileRef = 32BB0C542099BE30001ECF52 /* CropManager.swift */; };
		32BB0C572099E638001ECF52 /* ViewController.swift in Sources */ = {isa = PBXBuildFile; fileRef = 32BB0C562099E638001ECF52 /* ViewController.swift */; };
		32BB0C5B209AC193001ECF52 /* FetchedResultsTableViewController.swift in Sources */ = {isa = PBXBuildFile; fileRef = 32BB0C5A209AC193001ECF52 /* FetchedResultsTableViewController.swift */; };
		32BB0C5D209AC414001ECF52 /* ExtensionOfNSFetchResultsController.swift in Sources */ = {isa = PBXBuildFile; fileRef = 32BB0C5C209AC414001ECF52 /* ExtensionOfNSFetchResultsController.swift */; };
		32BB0C5F209AC450001ECF52 /* CoreDataDemoTableViewController.swift in Sources */ = {isa = PBXBuildFile; fileRef = 32BB0C5E209AC450001ECF52 /* CoreDataDemoTableViewController.swift */; };
		32D81CD920AC7B9900514F31 /* ExtensionString.swift in Sources */ = {isa = PBXBuildFile; fileRef = 32D81CD820AC7B9900514F31 /* ExtensionString.swift */; };
		32DB8BD320AD9BF300EFE687 /* ChartViewController.swift in Sources */ = {isa = PBXBuildFile; fileRef = 32DB8BD220AD9BF300EFE687 /* ChartViewController.swift */; };
		32DB8BD620AD9DE800EFE687 /* ChartCollectionViewCell.xib in Resources */ = {isa = PBXBuildFile; fileRef = 32DB8BD520AD9DE800EFE687 /* ChartCollectionViewCell.xib */; };
		32DB8BD820AD9F8800EFE687 /* ChartCollectionViewCell.swift in Sources */ = {isa = PBXBuildFile; fileRef = 32DB8BD720AD9F8800EFE687 /* ChartCollectionViewCell.swift */; };
		32E4861E20A6C18D00DA531C /* GoToMarketConstant.swift in Sources */ = {isa = PBXBuildFile; fileRef = 32E4861D20A6C18D00DA531C /* GoToMarketConstant.swift */; };
		32E4862220A7515600DA531C /* TestFoldingViewController.swift in Sources */ = {isa = PBXBuildFile; fileRef = 32E4862120A7515600DA531C /* TestFoldingViewController.swift */; };
		32F1467E20A945DD00D6ACB8 /* TitleTableViewCell.xib in Resources */ = {isa = PBXBuildFile; fileRef = 32F1467D20A945DD00D6ACB8 /* TitleTableViewCell.xib */; };
		32F1468120A9464F00D6ACB8 /* HeroDetailTableViewCell.xib in Resources */ = {isa = PBXBuildFile; fileRef = 32F1468020A9464F00D6ACB8 /* HeroDetailTableViewCell.xib */; };
		32F1468420A947FA00D6ACB8 /* TestHero.storyboard in Resources */ = {isa = PBXBuildFile; fileRef = 32F1468320A947FA00D6ACB8 /* TestHero.storyboard */; };
		32F1468620A948F300D6ACB8 /* TitleTableViewCell.swift in Sources */ = {isa = PBXBuildFile; fileRef = 32F1468520A948F300D6ACB8 /* TitleTableViewCell.swift */; };
		32F1468A20A949CE00D6ACB8 /* HeroDetailTableViewCell.swift in Sources */ = {isa = PBXBuildFile; fileRef = 32F1468920A949CE00D6ACB8 /* HeroDetailTableViewCell.swift */; };
		32F1468D20A94A6100D6ACB8 /* TestHeroViewController.swift in Sources */ = {isa = PBXBuildFile; fileRef = 32F1468C20A94A6100D6ACB8 /* TestHeroViewController.swift */; };
		32F1468F20A94D4800D6ACB8 /* TestHeroDetailViewController.swift in Sources */ = {isa = PBXBuildFile; fileRef = 32F1468E20A94D4800D6ACB8 /* TestHeroDetailViewController.swift */; };
		32FFB45720B69D0800D92064 /* ExtensionUIViewController.swift in Sources */ = {isa = PBXBuildFile; fileRef = 32FFB45620B69D0800D92064 /* ExtensionUIViewController.swift */; };
/* End PBXBuildFile section */

/* Begin PBXFileReference section */
		2B70D9092DCC0B0C641D95C9 /* Pods-GoToMarket.release.xcconfig */ = {isa = PBXFileReference; includeInIndex = 1; lastKnownFileType = text.xcconfig; name = "Pods-GoToMarket.release.xcconfig"; path = "Pods/Target Support Files/Pods-GoToMarket/Pods-GoToMarket.release.xcconfig"; sourceTree = "<group>"; };
		32070B4A20A44CA700A6BA27 /* OpenDataApiStruct.swift */ = {isa = PBXFileReference; lastKnownFileType = sourcecode.swift; path = OpenDataApiStruct.swift; sourceTree = "<group>"; };
		32070B5020A52D6000A6BA27 /* CustomTableViewCell.swift */ = {isa = PBXFileReference; lastKnownFileType = sourcecode.swift; path = CustomTableViewCell.swift; sourceTree = "<group>"; };
		32070B5220A53DBB00A6BA27 /* TestFolding.storyboard */ = {isa = PBXFileReference; lastKnownFileType = file.storyboard; path = TestFolding.storyboard; sourceTree = "<group>"; };
		32070B5420A53DD200A6BA27 /* Notes.storyboard */ = {isa = PBXFileReference; lastKnownFileType = file.storyboard; path = Notes.storyboard; sourceTree = "<group>"; };
		32070B5620A53E0000A6BA27 /* Detail.storyboard */ = {isa = PBXFileReference; lastKnownFileType = file.storyboard; path = Detail.storyboard; sourceTree = "<group>"; };
		32070B5820A53E2300A6BA27 /* Settings.storyboard */ = {isa = PBXFileReference; lastKnownFileType = file.storyboard; path = Settings.storyboard; sourceTree = "<group>"; };
		32070B6120A5556300A6BA27 /* TabBar.storyboard */ = {isa = PBXFileReference; lastKnownFileType = file.storyboard; path = TabBar.storyboard; sourceTree = "<group>"; };
		32070B6320A5616800A6BA27 /* TabBarViewController.swift */ = {isa = PBXFileReference; lastKnownFileType = sourcecode.swift; path = TabBarViewController.swift; sourceTree = "<group>"; };
		32070B6620A5670900A6BA27 /* ExtensionUIStoryboard.swift */ = {isa = PBXFileReference; lastKnownFileType = sourcecode.swift; path = ExtensionUIStoryboard.swift; sourceTree = "<group>"; };
		32070B6920A56C9600A6BA27 /* GoToMarketColor.swift */ = {isa = PBXFileReference; lastKnownFileType = sourcecode.swift; path = GoToMarketColor.swift; sourceTree = "<group>"; };
		32070B6D20A5AC9500A6BA27 /* RAMBounceAnimation.swift */ = {isa = PBXFileReference; lastKnownFileType = sourcecode.swift; path = RAMBounceAnimation.swift; sourceTree = "<group>"; };
		32136E6D20B7EC2500663C6E /* toolBarViewController.swift */ = {isa = PBXFileReference; lastKnownFileType = sourcecode.swift; path = toolBarViewController.swift; sourceTree = "<group>"; };
		32136E7320B83DEC00663C6E /* SortButtonStruct.swift */ = {isa = PBXFileReference; lastKnownFileType = sourcecode.swift; path = SortButtonStruct.swift; sourceTree = "<group>"; };
		32136E7620B8449600663C6E /* NSSortDescriptorProvider.swift */ = {isa = PBXFileReference; lastKnownFileType = sourcecode.swift; path = NSSortDescriptorProvider.swift; sourceTree = "<group>"; };
		32136E7820B84ACA00663C6E /* NSSortDescriptorManager.swift */ = {isa = PBXFileReference; lastKnownFileType = sourcecode.swift; path = NSSortDescriptorManager.swift; sourceTree = "<group>"; };
		3217C15320B3BBB2006B9DA7 /* ExtnesionUIView.swift */ = {isa = PBXFileReference; lastKnownFileType = sourcecode.swift; path = ExtnesionUIView.swift; sourceTree = "<group>"; };
		3217C15620B420D6006B9DA7 /* NoteTableViewCell.xib */ = {isa = PBXFileReference; lastKnownFileType = file.xib; path = NoteTableViewCell.xib; sourceTree = "<group>"; };
		3217C15820B47FBE006B9DA7 /* NoteTableViewCell.swift */ = {isa = PBXFileReference; lastKnownFileType = sourcecode.swift; path = NoteTableViewCell.swift; sourceTree = "<group>"; };
		3217C15B20B4FED5006B9DA7 /* NoteViewController.swift */ = {isa = PBXFileReference; lastKnownFileType = sourcecode.swift; path = NoteViewController.swift; sourceTree = "<group>"; };
		3230F3D020AA86C0002812E0 /* QuotesTableViewCell.xib */ = {isa = PBXFileReference; lastKnownFileType = file.xib; name = QuotesTableViewCell.xib; path = GoToMarket/View/QuoteTableViewCell/QuotesTableViewCell.xib; sourceTree = SOURCE_ROOT; };
		3230F3D520AAB025002812E0 /* QuotesTableViewCell.swift */ = {isa = PBXFileReference; lastKnownFileType = sourcecode.swift; name = QuotesTableViewCell.swift; path = GoToMarket/View/QuoteTableViewCell/QuotesTableViewCell.swift; sourceTree = SOURCE_ROOT; };
		3230F3D920AAB545002812E0 /* Quotes.storyboard */ = {isa = PBXFileReference; lastKnownFileType = file.storyboard; path = Quotes.storyboard; sourceTree = "<group>"; };
		3230F3DC20AAB734002812E0 /* QuotesViewController.swift */ = {isa = PBXFileReference; lastKnownFileType = sourcecode.swift; path = QuotesViewController.swift; sourceTree = "<group>"; };
		3230F3DE20AAB750002812E0 /* DetailViewController.swift */ = {isa = PBXFileReference; lastKnownFileType = sourcecode.swift; path = DetailViewController.swift; sourceTree = "<group>"; };
		3230F3E020AAB928002812E0 /* ExtensionQuotesViewController.swift */ = {isa = PBXFileReference; lastKnownFileType = sourcecode.swift; path = ExtensionQuotesViewController.swift; sourceTree = "<group>"; };
		3230F3E520AAD1CA002812E0 /* PriceStringProvider.swift */ = {isa = PBXFileReference; lastKnownFileType = sourcecode.swift; path = PriceStringProvider.swift; sourceTree = "<group>"; };
		3230F3E820AC1340002812E0 /* WikiConstant.swift */ = {isa = PBXFileReference; lastKnownFileType = sourcecode.swift; path = WikiConstant.swift; sourceTree = "<group>"; };
		3230F3EA20AC1509002812E0 /* WikiManager.swift */ = {isa = PBXFileReference; lastKnownFileType = sourcecode.swift; path = WikiManager.swift; sourceTree = "<group>"; };
		3230F3EC20AC15BC002812E0 /* WikiStruct.swift */ = {isa = PBXFileReference; lastKnownFileType = sourcecode.swift; path = WikiStruct.swift; sourceTree = "<group>"; };
		3230F3F020AC1C50002812E0 /* HTTPRequest.swift */ = {isa = PBXFileReference; lastKnownFileType = sourcecode.swift; path = HTTPRequest.swift; sourceTree = "<group>"; };
		326D78F120A5D4D400EE0887 /* TestFoldingTableViewCell.swift */ = {isa = PBXFileReference; lastKnownFileType = sourcecode.swift; path = TestFoldingTableViewCell.swift; sourceTree = "<group>"; };
		326D78F420A5DF6D00EE0887 /* TestFoldingTableViewCell.xib */ = {isa = PBXFileReference; lastKnownFileType = file.xib; path = TestFoldingTableViewCell.xib; sourceTree = "<group>"; };
		327A4DF1209C48D200B3EEE9 /* UserNotes+CoreDataClass.swift */ = {isa = PBXFileReference; lastKnownFileType = sourcecode.swift; path = "UserNotes+CoreDataClass.swift"; sourceTree = "<group>"; };
		327A4DF2209C48D200B3EEE9 /* UserNotes+CoreDataProperties.swift */ = {isa = PBXFileReference; lastKnownFileType = sourcecode.swift; path = "UserNotes+CoreDataProperties.swift"; sourceTree = "<group>"; };
		327A4DFE209F438F00B3EEE9 /* NoteConstant.swift */ = {isa = PBXFileReference; lastKnownFileType = sourcecode.swift; path = NoteConstant.swift; sourceTree = "<group>"; };
		327A4E0020A0542F00B3EEE9 /* NoteProvider.swift */ = {isa = PBXFileReference; lastKnownFileType = sourcecode.swift; path = NoteProvider.swift; sourceTree = "<group>"; };
		327A4E0220A0566400B3EEE9 /* NoteManager.swift */ = {isa = PBXFileReference; lastKnownFileType = sourcecode.swift; path = NoteManager.swift; sourceTree = "<group>"; };
		327E1B6620A1F7F60020511A /* MarketSetting.storyboard */ = {isa = PBXFileReference; lastKnownFileType = file.storyboard; path = MarketSetting.storyboard; sourceTree = "<group>"; };
		327E1B6C20A2CBAC0020511A /* LoadingIndexStruct.swift */ = {isa = PBXFileReference; lastKnownFileType = sourcecode.swift; path = LoadingIndexStruct.swift; sourceTree = "<group>"; };
		327E1B6E20A2D2950020511A /* LoadingTaskKeeper.swift */ = {isa = PBXFileReference; lastKnownFileType = sourcecode.swift; path = LoadingTaskKeeper.swift; sourceTree = "<group>"; };
		329BC6C3209700D600CC9096 /* GoToMarket.app */ = {isa = PBXFileReference; explicitFileType = wrapper.application; includeInIndex = 0; path = GoToMarket.app; sourceTree = BUILT_PRODUCTS_DIR; };
		329BC6C6209700D600CC9096 /* AppDelegate.swift */ = {isa = PBXFileReference; lastKnownFileType = sourcecode.swift; path = AppDelegate.swift; sourceTree = "<group>"; };
		329BC6CB209700D600CC9096 /* Base */ = {isa = PBXFileReference; lastKnownFileType = file.storyboard; name = Base; path = Base.lproj/MainTab.storyboard; sourceTree = "<group>"; };
		329BC6CE209700D600CC9096 /* GoToMarket.xcdatamodel */ = {isa = PBXFileReference; lastKnownFileType = wrapper.xcdatamodel; path = GoToMarket.xcdatamodel; sourceTree = "<group>"; };
		329BC6D0209700D700CC9096 /* Assets.xcassets */ = {isa = PBXFileReference; lastKnownFileType = folder.assetcatalog; path = Assets.xcassets; sourceTree = "<group>"; };
		329BC6D3209700D700CC9096 /* Base */ = {isa = PBXFileReference; lastKnownFileType = file.storyboard; name = Base; path = Base.lproj/LaunchScreen.storyboard; sourceTree = "<group>"; };
		329BC6D5209700D700CC9096 /* Info.plist */ = {isa = PBXFileReference; lastKnownFileType = text.plist.xml; path = Info.plist; sourceTree = "<group>"; };
		329BC6DB209701BA00CC9096 /* CropStruct.swift */ = {isa = PBXFileReference; lastKnownFileType = sourcecode.swift; path = CropStruct.swift; sourceTree = "<group>"; };
		329BC6DD2097198400CC9096 /* CropConstant.swift */ = {isa = PBXFileReference; lastKnownFileType = sourcecode.swift; path = CropConstant.swift; sourceTree = "<group>"; };
		329BC6E12098496E00CC9096 /* CropDatas+CoreDataClass.swift */ = {isa = PBXFileReference; lastKnownFileType = sourcecode.swift; path = "CropDatas+CoreDataClass.swift"; sourceTree = "<group>"; };
		329BC6E22098496E00CC9096 /* CropDatas+CoreDataProperties.swift */ = {isa = PBXFileReference; lastKnownFileType = sourcecode.swift; path = "CropDatas+CoreDataProperties.swift"; sourceTree = "<group>"; };
		329BC6EE2099710400CC9096 /* ODHTTPRequest.swift */ = {isa = PBXFileReference; lastKnownFileType = sourcecode.swift; path = ODHTTPRequest.swift; sourceTree = "<group>"; };
		329BC6F0209971FF00CC9096 /* GoToMarketError.swift */ = {isa = PBXFileReference; lastKnownFileType = sourcecode.swift; path = GoToMarketError.swift; sourceTree = "<group>"; };
		329BC6F220997D3C00CC9096 /* HTTPClient.swift */ = {isa = PBXFileReference; lastKnownFileType = sourcecode.swift; path = HTTPClient.swift; sourceTree = "<group>"; };
		329BC6F5209986EF00CC9096 /* CropProvider.swift */ = {isa = PBXFileReference; lastKnownFileType = sourcecode.swift; path = CropProvider.swift; sourceTree = "<group>"; };
		32B1E37A20AEC1C200336B09 /* ExtensionArray.swift */ = {isa = PBXFileReference; lastKnownFileType = sourcecode.swift; path = ExtensionArray.swift; sourceTree = "<group>"; };
		32B1E38020AED4C900336B09 /* DetailTitleTableViewCell.swift */ = {isa = PBXFileReference; lastKnownFileType = sourcecode.swift; path = DetailTitleTableViewCell.swift; sourceTree = "<group>"; };
		32B1E38220AED4DB00336B09 /* DetailTitleTableViewCell.xib */ = {isa = PBXFileReference; lastKnownFileType = file.xib; path = DetailTitleTableViewCell.xib; sourceTree = "<group>"; };
		32B1E38420AED4F400336B09 /* DetailIntroTableViewCell.swift */ = {isa = PBXFileReference; lastKnownFileType = sourcecode.swift; path = DetailIntroTableViewCell.swift; sourceTree = "<group>"; };
		32B1E38620AED4FF00336B09 /* DetailIntroTableViewCell.xib */ = {isa = PBXFileReference; lastKnownFileType = file.xib; path = DetailIntroTableViewCell.xib; sourceTree = "<group>"; };
		32B1E38820AED54B00336B09 /* DetailQuotesTableViewCell.xib */ = {isa = PBXFileReference; lastKnownFileType = file.xib; path = DetailQuotesTableViewCell.xib; sourceTree = "<group>"; };
		32B1E38A20AED55800336B09 /* DetailQuotesTableViewCell.swift */ = {isa = PBXFileReference; lastKnownFileType = sourcecode.swift; path = DetailQuotesTableViewCell.swift; sourceTree = "<group>"; };
		32B1E38C20AED56800336B09 /* DetailHistoryTableViewCell.swift */ = {isa = PBXFileReference; lastKnownFileType = sourcecode.swift; path = DetailHistoryTableViewCell.swift; sourceTree = "<group>"; };
		32B1E38E20AED57100336B09 /* DetailHistoryTableViewCell.xib */ = {isa = PBXFileReference; lastKnownFileType = file.xib; path = DetailHistoryTableViewCell.xib; sourceTree = "<group>"; };
		32B1E39020AED98100336B09 /* DetailTableViewCellDelegate.swift */ = {isa = PBXFileReference; lastKnownFileType = sourcecode.swift; path = DetailTableViewCellDelegate.swift; sourceTree = "<group>"; };
		32B1E39220AEEA5100336B09 /* DetailRowType.swift */ = {isa = PBXFileReference; lastKnownFileType = sourcecode.swift; path = DetailRowType.swift; sourceTree = "<group>"; };
		32B1E39920B02AC900336B09 /* MarketSettingViewController.swift */ = {isa = PBXFileReference; lastKnownFileType = sourcecode.swift; path = MarketSettingViewController.swift; sourceTree = "<group>"; };
		32B1E39D20B02C2B00336B09 /* MarketsTableViewController.swift */ = {isa = PBXFileReference; lastKnownFileType = sourcecode.swift; path = MarketsTableViewController.swift; sourceTree = "<group>"; };
		32B1E39F20B034B100336B09 /* EnumCollection.swift */ = {isa = PBXFileReference; lastKnownFileType = sourcecode.swift; path = EnumCollection.swift; sourceTree = "<group>"; };
		32B1E3A120B169DC00336B09 /* Loading.storyboard */ = {isa = PBXFileReference; lastKnownFileType = file.storyboard; path = Loading.storyboard; sourceTree = "<group>"; };
		32B1E3AC20B16F2C00336B09 /* LoadingViewController.swift */ = {isa = PBXFileReference; lastKnownFileType = sourcecode.swift; path = LoadingViewController.swift; sourceTree = "<group>"; };
		32B1E3AE20B17F7200336B09 /* success.json */ = {isa = PBXFileReference; fileEncoding = 4; lastKnownFileType = text.json; path = success.json; sourceTree = "<group>"; };
		32B1E3AF20B17F7200336B09 /* warning.json */ = {isa = PBXFileReference; fileEncoding = 4; lastKnownFileType = text.json; path = warning.json; sourceTree = "<group>"; };
		32B1E3B220B17F7D00336B09 /* loading.json */ = {isa = PBXFileReference; fileEncoding = 4; lastKnownFileType = text.json; path = loading.json; sourceTree = "<group>"; };
		32B1E3B420B1814200336B09 /* AnimationConstant.swift */ = {isa = PBXFileReference; lastKnownFileType = sourcecode.swift; path = AnimationConstant.swift; sourceTree = "<group>"; };
		32B1E3B720B1AB1B00336B09 /* SettingViewController.swift */ = {isa = PBXFileReference; lastKnownFileType = sourcecode.swift; path = SettingViewController.swift; sourceTree = "<group>"; };
		32B1E3C120B2CBD100336B09 /* ExtensionUIImage.swift */ = {isa = PBXFileReference; lastKnownFileType = sourcecode.swift; path = ExtensionUIImage.swift; sourceTree = "<group>"; };
		32BB0C5220999814001ECF52 /* TWDateProvider.swift */ = {isa = PBXFileReference; lastKnownFileType = sourcecode.swift; path = TWDateProvider.swift; sourceTree = "<group>"; };
		32BB0C542099BE30001ECF52 /* CropManager.swift */ = {isa = PBXFileReference; lastKnownFileType = sourcecode.swift; path = CropManager.swift; sourceTree = "<group>"; };
		32BB0C562099E638001ECF52 /* ViewController.swift */ = {isa = PBXFileReference; lastKnownFileType = sourcecode.swift; path = ViewController.swift; sourceTree = "<group>"; };
		32BB0C5A209AC193001ECF52 /* FetchedResultsTableViewController.swift */ = {isa = PBXFileReference; lastKnownFileType = sourcecode.swift; path = FetchedResultsTableViewController.swift; sourceTree = "<group>"; };
		32BB0C5C209AC414001ECF52 /* ExtensionOfNSFetchResultsController.swift */ = {isa = PBXFileReference; lastKnownFileType = sourcecode.swift; path = ExtensionOfNSFetchResultsController.swift; sourceTree = "<group>"; };
		32BB0C5E209AC450001ECF52 /* CoreDataDemoTableViewController.swift */ = {isa = PBXFileReference; lastKnownFileType = sourcecode.swift; path = CoreDataDemoTableViewController.swift; sourceTree = "<group>"; };
		32D81CD820AC7B9900514F31 /* ExtensionString.swift */ = {isa = PBXFileReference; lastKnownFileType = sourcecode.swift; path = ExtensionString.swift; sourceTree = "<group>"; };
		32DB8BD220AD9BF300EFE687 /* ChartViewController.swift */ = {isa = PBXFileReference; lastKnownFileType = sourcecode.swift; path = ChartViewController.swift; sourceTree = "<group>"; };
		32DB8BD520AD9DE800EFE687 /* ChartCollectionViewCell.xib */ = {isa = PBXFileReference; lastKnownFileType = file.xib; path = ChartCollectionViewCell.xib; sourceTree = "<group>"; };
		32DB8BD720AD9F8800EFE687 /* ChartCollectionViewCell.swift */ = {isa = PBXFileReference; lastKnownFileType = sourcecode.swift; path = ChartCollectionViewCell.swift; sourceTree = "<group>"; };
		32E4861D20A6C18D00DA531C /* GoToMarketConstant.swift */ = {isa = PBXFileReference; lastKnownFileType = sourcecode.swift; path = GoToMarketConstant.swift; sourceTree = "<group>"; };
		32E4862120A7515600DA531C /* TestFoldingViewController.swift */ = {isa = PBXFileReference; lastKnownFileType = sourcecode.swift; path = TestFoldingViewController.swift; sourceTree = "<group>"; };
		32F1467D20A945DD00D6ACB8 /* TitleTableViewCell.xib */ = {isa = PBXFileReference; lastKnownFileType = file.xib; path = TitleTableViewCell.xib; sourceTree = "<group>"; };
		32F1468020A9464F00D6ACB8 /* HeroDetailTableViewCell.xib */ = {isa = PBXFileReference; lastKnownFileType = file.xib; path = HeroDetailTableViewCell.xib; sourceTree = "<group>"; };
		32F1468320A947FA00D6ACB8 /* TestHero.storyboard */ = {isa = PBXFileReference; lastKnownFileType = file.storyboard; path = TestHero.storyboard; sourceTree = "<group>"; };
		32F1468520A948F300D6ACB8 /* TitleTableViewCell.swift */ = {isa = PBXFileReference; lastKnownFileType = sourcecode.swift; path = TitleTableViewCell.swift; sourceTree = "<group>"; };
		32F1468920A949CE00D6ACB8 /* HeroDetailTableViewCell.swift */ = {isa = PBXFileReference; lastKnownFileType = sourcecode.swift; path = HeroDetailTableViewCell.swift; sourceTree = "<group>"; };
		32F1468C20A94A6100D6ACB8 /* TestHeroViewController.swift */ = {isa = PBXFileReference; lastKnownFileType = sourcecode.swift; path = TestHeroViewController.swift; sourceTree = "<group>"; };
		32F1468E20A94D4800D6ACB8 /* TestHeroDetailViewController.swift */ = {isa = PBXFileReference; lastKnownFileType = sourcecode.swift; path = TestHeroDetailViewController.swift; sourceTree = "<group>"; };
		32FFB45620B69D0800D92064 /* ExtensionUIViewController.swift */ = {isa = PBXFileReference; lastKnownFileType = sourcecode.swift; path = ExtensionUIViewController.swift; sourceTree = "<group>"; };
		3C254E305E16CD1431F91097 /* Pods_GoToMarket.framework */ = {isa = PBXFileReference; explicitFileType = wrapper.framework; includeInIndex = 0; path = Pods_GoToMarket.framework; sourceTree = BUILT_PRODUCTS_DIR; };
		A08B24D88187CCDDD4C6C9B8 /* Pods-GoToMarket.debug.xcconfig */ = {isa = PBXFileReference; includeInIndex = 1; lastKnownFileType = text.xcconfig; name = "Pods-GoToMarket.debug.xcconfig"; path = "Pods/Target Support Files/Pods-GoToMarket/Pods-GoToMarket.debug.xcconfig"; sourceTree = "<group>"; };
/* End PBXFileReference section */

/* Begin PBXFrameworksBuildPhase section */
		329BC6C0209700D600CC9096 /* Frameworks */ = {
			isa = PBXFrameworksBuildPhase;
			buildActionMask = 2147483647;
			files = (
				1B72833610E48BE1F66E2B97 /* Pods_GoToMarket.framework in Frameworks */,
			);
			runOnlyForDeploymentPostprocessing = 0;
		};
/* End PBXFrameworksBuildPhase section */

/* Begin PBXGroup section */
		32070B5C20A551D600A6BA27 /* Controller */ = {
			isa = PBXGroup;
			children = (
				3217C15A20B4FEBE006B9DA7 /* Note */,
				32B1E3B620B1AB0700336B09 /* Setting */,
				32B1E3AB20B16EE100336B09 /* Loading */,
				32B1E39820B023E100336B09 /* MarketSetting */,
				326D78EF20A5D42500EE0887 /* TabBar */,
				3230F3DB20AAB67B002812E0 /* Quotes */,
			);
			path = Controller;
			sourceTree = "<group>";
		};
		32070B6520A566C900A6BA27 /* Extension */ = {
			isa = PBXGroup;
			children = (
				32070B6620A5670900A6BA27 /* ExtensionUIStoryboard.swift */,
				3230F3E020AAB928002812E0 /* ExtensionQuotesViewController.swift */,
				32B1E37A20AEC1C200336B09 /* ExtensionArray.swift */,
				32D81CD820AC7B9900514F31 /* ExtensionString.swift */,
				32B1E3C120B2CBD100336B09 /* ExtensionUIImage.swift */,
				3217C15320B3BBB2006B9DA7 /* ExtnesionUIView.swift */,
				32FFB45620B69D0800D92064 /* ExtensionUIViewController.swift */,
			);
			path = Extension;
			sourceTree = "<group>";
		};
		32070B6820A56C6D00A6BA27 /* Support */ = {
			isa = PBXGroup;
			children = (
				32070B6920A56C9600A6BA27 /* GoToMarketColor.swift */,
				32E4861D20A6C18D00DA531C /* GoToMarketConstant.swift */,
				329BC6F0209971FF00CC9096 /* GoToMarketError.swift */,
				32BB0C5220999814001ECF52 /* TWDateProvider.swift */,
				3230F3E520AAD1CA002812E0 /* PriceStringProvider.swift */,
				32B1E39F20B034B100336B09 /* EnumCollection.swift */,
			);
			path = Support;
			sourceTree = "<group>";
		};
		32136E7220B83DBC00663C6E /* NSSortDescriptor */ = {
			isa = PBXGroup;
			children = (
				32136E7320B83DEC00663C6E /* SortButtonStruct.swift */,
				32136E7620B8449600663C6E /* NSSortDescriptorProvider.swift */,
				32136E7820B84ACA00663C6E /* NSSortDescriptorManager.swift */,
			);
			path = NSSortDescriptor;
			sourceTree = "<group>";
		};
		3217C15520B420AD006B9DA7 /* NoteTableViewCell */ = {
			isa = PBXGroup;
			children = (
				3217C15620B420D6006B9DA7 /* NoteTableViewCell.xib */,
				3217C15820B47FBE006B9DA7 /* NoteTableViewCell.swift */,
			);
			path = NoteTableViewCell;
			sourceTree = "<group>";
		};
		3217C15A20B4FEBE006B9DA7 /* Note */ = {
			isa = PBXGroup;
			children = (
				3217C15B20B4FED5006B9DA7 /* NoteViewController.swift */,
			);
			path = Note;
			sourceTree = "<group>";
		};
		3230F3CF20AA8652002812E0 /* QuoteTableViewCell */ = {
			isa = PBXGroup;
			children = (
				3230F3D520AAB025002812E0 /* QuotesTableViewCell.swift */,
				3230F3D020AA86C0002812E0 /* QuotesTableViewCell.xib */,
			);
			path = QuoteTableViewCell;
			sourceTree = "<group>";
		};
		3230F3D220AA8E7A002812E0 /* DetailTableViewCell */ = {
			isa = PBXGroup;
			children = (
				32B1E39020AED98100336B09 /* DetailTableViewCellDelegate.swift */,
				32B1E37C20AED36E00336B09 /* DetailTitleTableViewCell */,
				32B1E37D20AED38100336B09 /* DetailIntroTableViewCell */,
				32B1E37E20AED3A400336B09 /* DetailQuotesTableViewCell */,
				32B1E37F20AED3DE00336B09 /* DetailHistoryTableViewCell */,
			);
			path = DetailTableViewCell;
			sourceTree = "<group>";
		};
		3230F3DB20AAB67B002812E0 /* Quotes */ = {
			isa = PBXGroup;
			children = (
				3230F3DC20AAB734002812E0 /* QuotesViewController.swift */,
				32136E6D20B7EC2500663C6E /* toolBarViewController.swift */,
				32B1E39720AFF73200336B09 /* Detail */,
			);
			path = Quotes;
			sourceTree = "<group>";
		};
		3230F3E220AABA4E002812E0 /* Demo */ = {
			isa = PBXGroup;
			children = (
				3230F3E420AABAD1002812E0 /* TestFolding */,
				32F1467B20A9441C00D6ACB8 /* TestHero */,
				3230F3E320AABA65002812E0 /* CoreData */,
			);
			path = Demo;
			sourceTree = "<group>";
		};
		3230F3E320AABA65002812E0 /* CoreData */ = {
			isa = PBXGroup;
			children = (
				32BB0C5A209AC193001ECF52 /* FetchedResultsTableViewController.swift */,
				32BB0C5C209AC414001ECF52 /* ExtensionOfNSFetchResultsController.swift */,
				32BB0C5E209AC450001ECF52 /* CoreDataDemoTableViewController.swift */,
			);
			path = CoreData;
			sourceTree = "<group>";
		};
		3230F3E420AABAD1002812E0 /* TestFolding */ = {
			isa = PBXGroup;
			children = (
				32070B5220A53DBB00A6BA27 /* TestFolding.storyboard */,
				32E4862120A7515600DA531C /* TestFoldingViewController.swift */,
				326D78F320A5D4E000EE0887 /* TestFoldingTableViewCell */,
			);
			path = TestFolding;
			sourceTree = "<group>";
		};
		3230F3E720AC11B8002812E0 /* Wiki */ = {
			isa = PBXGroup;
			children = (
				3230F3EC20AC15BC002812E0 /* WikiStruct.swift */,
				3230F3E820AC1340002812E0 /* WikiConstant.swift */,
				3230F3EA20AC1509002812E0 /* WikiManager.swift */,
			);
			path = Wiki;
			sourceTree = "<group>";
		};
		326D78EF20A5D42500EE0887 /* TabBar */ = {
			isa = PBXGroup;
			children = (
				32070B6320A5616800A6BA27 /* TabBarViewController.swift */,
				32070B6D20A5AC9500A6BA27 /* RAMBounceAnimation.swift */,
			);
			path = TabBar;
			sourceTree = "<group>";
		};
		326D78F020A5D47100EE0887 /* View */ = {
			isa = PBXGroup;
			children = (
				32B1E3A320B16E6B00336B09 /* Animation */,
				3217C15520B420AD006B9DA7 /* NoteTableViewCell */,
				32DB8BD420AD9CB500EFE687 /* ChartCollectionViewCell */,
				3230F3D220AA8E7A002812E0 /* DetailTableViewCell */,
				3230F3CF20AA8652002812E0 /* QuoteTableViewCell */,
			);
			path = View;
			sourceTree = "<group>";
		};
		326D78F320A5D4E000EE0887 /* TestFoldingTableViewCell */ = {
			isa = PBXGroup;
			children = (
				326D78F120A5D4D400EE0887 /* TestFoldingTableViewCell.swift */,
				326D78F420A5DF6D00EE0887 /* TestFoldingTableViewCell.xib */,
			);
			path = TestFoldingTableViewCell;
			sourceTree = "<group>";
		};
		327A4DFD209C9C6C00B3EEE9 /* Note */ = {
			isa = PBXGroup;
			children = (
				327A4DFE209F438F00B3EEE9 /* NoteConstant.swift */,
				327A4E0020A0542F00B3EEE9 /* NoteProvider.swift */,
				327A4E0220A0566400B3EEE9 /* NoteManager.swift */,
			);
			path = Note;
			sourceTree = "<group>";
		};
		327E1B6820A1F8160020511A /* StoryBoard */ = {
			isa = PBXGroup;
			children = (
				329BC6D2209700D700CC9096 /* LaunchScreen.storyboard */,
				32070B6120A5556300A6BA27 /* TabBar.storyboard */,
				3230F3D920AAB545002812E0 /* Quotes.storyboard */,
				329BC6CA209700D600CC9096 /* MainTab.storyboard */,
				32070B5420A53DD200A6BA27 /* Notes.storyboard */,
				32070B5820A53E2300A6BA27 /* Settings.storyboard */,
				32070B5620A53E0000A6BA27 /* Detail.storyboard */,
				327E1B6620A1F7F60020511A /* MarketSetting.storyboard */,
				32B1E3A120B169DC00336B09 /* Loading.storyboard */,
			);
			path = StoryBoard;
			sourceTree = "<group>";
		};
		327E1B6920A1FFF50020511A /* Loading */ = {
			isa = PBXGroup;
			children = (
				327E1B6C20A2CBAC0020511A /* LoadingIndexStruct.swift */,
				327E1B6E20A2D2950020511A /* LoadingTaskKeeper.swift */,
			);
			path = Loading;
			sourceTree = "<group>";
		};
		329BC6BA209700D600CC9096 = {
			isa = PBXGroup;
			children = (
				329BC6C5209700D600CC9096 /* GoToMarket */,
				329BC6C4209700D600CC9096 /* Products */,
				B6FF0B1522012E7E6E95CEA0 /* Pods */,
				EF202FB28D49F4603D5A68AF /* Frameworks */,
			);
			sourceTree = "<group>";
		};
		329BC6C4209700D600CC9096 /* Products */ = {
			isa = PBXGroup;
			children = (
				329BC6C3209700D600CC9096 /* GoToMarket.app */,
			);
			name = Products;
			sourceTree = "<group>";
		};
		329BC6C5209700D600CC9096 /* GoToMarket */ = {
			isa = PBXGroup;
			children = (
				326D78F020A5D47100EE0887 /* View */,
				32070B6820A56C6D00A6BA27 /* Support */,
				32070B6520A566C900A6BA27 /* Extension */,
				3230F3E220AABA4E002812E0 /* Demo */,
				329BC6E52098991C00CC9096 /* Model */,
				329BC6C6209700D600CC9096 /* AppDelegate.swift */,
				32070B5020A52D6000A6BA27 /* CustomTableViewCell.swift */,
				32BB0C562099E638001ECF52 /* ViewController.swift */,
				32070B5C20A551D600A6BA27 /* Controller */,
				327E1B6820A1F8160020511A /* StoryBoard */,
				329BC6D0209700D700CC9096 /* Assets.xcassets */,
				329BC6D5209700D700CC9096 /* Info.plist */,
				329BC6CD209700D600CC9096 /* GoToMarket.xcdatamodeld */,
			);
			path = GoToMarket;
			sourceTree = "<group>";
		};
		329BC6E52098991C00CC9096 /* Model */ = {
			isa = PBXGroup;
			children = (
				32136E7220B83DBC00663C6E /* NSSortDescriptor */,
				327E1B6920A1FFF50020511A /* Loading */,
				327A4DFD209C9C6C00B3EEE9 /* Note */,
				3230F3E720AC11B8002812E0 /* Wiki */,
				329BC6F42099863B00CC9096 /* Crop */,
				329BC6E72099657600CC9096 /* HTTP */,
				329BC6E62099640900CC9096 /* CoreData */,
			);
			path = Model;
			sourceTree = "<group>";
		};
		329BC6E62099640900CC9096 /* CoreData */ = {
			isa = PBXGroup;
			children = (
				327A4DF1209C48D200B3EEE9 /* UserNotes+CoreDataClass.swift */,
				327A4DF2209C48D200B3EEE9 /* UserNotes+CoreDataProperties.swift */,
				329BC6E12098496E00CC9096 /* CropDatas+CoreDataClass.swift */,
				329BC6E22098496E00CC9096 /* CropDatas+CoreDataProperties.swift */,
			);
			path = CoreData;
			sourceTree = "<group>";
		};
		329BC6E72099657600CC9096 /* HTTP */ = {
			isa = PBXGroup;
			children = (
				32070B4A20A44CA700A6BA27 /* OpenDataApiStruct.swift */,
				329BC6EE2099710400CC9096 /* ODHTTPRequest.swift */,
				3230F3F020AC1C50002812E0 /* HTTPRequest.swift */,
				329BC6F220997D3C00CC9096 /* HTTPClient.swift */,
			);
			path = HTTP;
			sourceTree = "<group>";
		};
		329BC6F42099863B00CC9096 /* Crop */ = {
			isa = PBXGroup;
			children = (
				329BC6DB209701BA00CC9096 /* CropStruct.swift */,
				329BC6DD2097198400CC9096 /* CropConstant.swift */,
				329BC6F5209986EF00CC9096 /* CropProvider.swift */,
				32BB0C542099BE30001ECF52 /* CropManager.swift */,
			);
			path = Crop;
			sourceTree = "<group>";
		};
		32B1E37C20AED36E00336B09 /* DetailTitleTableViewCell */ = {
			isa = PBXGroup;
			children = (
				32B1E38020AED4C900336B09 /* DetailTitleTableViewCell.swift */,
				32B1E38220AED4DB00336B09 /* DetailTitleTableViewCell.xib */,
			);
			path = DetailTitleTableViewCell;
			sourceTree = "<group>";
		};
		32B1E37D20AED38100336B09 /* DetailIntroTableViewCell */ = {
			isa = PBXGroup;
			children = (
				32B1E38420AED4F400336B09 /* DetailIntroTableViewCell.swift */,
				32B1E38620AED4FF00336B09 /* DetailIntroTableViewCell.xib */,
			);
			path = DetailIntroTableViewCell;
			sourceTree = "<group>";
		};
		32B1E37E20AED3A400336B09 /* DetailQuotesTableViewCell */ = {
			isa = PBXGroup;
			children = (
				32B1E38A20AED55800336B09 /* DetailQuotesTableViewCell.swift */,
				32B1E38820AED54B00336B09 /* DetailQuotesTableViewCell.xib */,
			);
			path = DetailQuotesTableViewCell;
			sourceTree = "<group>";
		};
		32B1E37F20AED3DE00336B09 /* DetailHistoryTableViewCell */ = {
			isa = PBXGroup;
			children = (
				32B1E38C20AED56800336B09 /* DetailHistoryTableViewCell.swift */,
				32B1E38E20AED57100336B09 /* DetailHistoryTableViewCell.xib */,
			);
			path = DetailHistoryTableViewCell;
			sourceTree = "<group>";
		};
		32B1E39720AFF73200336B09 /* Detail */ = {
			isa = PBXGroup;
			children = (
				32DB8BD220AD9BF300EFE687 /* ChartViewController.swift */,
				3230F3DE20AAB750002812E0 /* DetailViewController.swift */,
				32B1E39220AEEA5100336B09 /* DetailRowType.swift */,
			);
			path = Detail;
			sourceTree = "<group>";
		};
		32B1E39820B023E100336B09 /* MarketSetting */ = {
			isa = PBXGroup;
			children = (
				32B1E39920B02AC900336B09 /* MarketSettingViewController.swift */,
				32B1E39D20B02C2B00336B09 /* MarketsTableViewController.swift */,
			);
			path = MarketSetting;
			sourceTree = "<group>";
		};
		32B1E3A320B16E6B00336B09 /* Animation */ = {
			isa = PBXGroup;
			children = (
				32B1E3B420B1814200336B09 /* AnimationConstant.swift */,
				32B1E3AE20B17F7200336B09 /* success.json */,
				32B1E3AF20B17F7200336B09 /* warning.json */,
				32B1E3B220B17F7D00336B09 /* loading.json */,
			);
			path = Animation;
			sourceTree = "<group>";
		};
		32B1E3AB20B16EE100336B09 /* Loading */ = {
			isa = PBXGroup;
			children = (
				32B1E3AC20B16F2C00336B09 /* LoadingViewController.swift */,
			);
			path = Loading;
			sourceTree = "<group>";
		};
		32B1E3B620B1AB0700336B09 /* Setting */ = {
			isa = PBXGroup;
			children = (
				32B1E3B720B1AB1B00336B09 /* SettingViewController.swift */,
			);
			path = Setting;
			sourceTree = "<group>";
		};
		32DB8BD420AD9CB500EFE687 /* ChartCollectionViewCell */ = {
			isa = PBXGroup;
			children = (
				32DB8BD520AD9DE800EFE687 /* ChartCollectionViewCell.xib */,
				32DB8BD720AD9F8800EFE687 /* ChartCollectionViewCell.swift */,
			);
			path = ChartCollectionViewCell;
			sourceTree = "<group>";
		};
		32F1467B20A9441C00D6ACB8 /* TestHero */ = {
			isa = PBXGroup;
			children = (
				32F1468320A947FA00D6ACB8 /* TestHero.storyboard */,
				32F1468C20A94A6100D6ACB8 /* TestHeroViewController.swift */,
				32F1468E20A94D4800D6ACB8 /* TestHeroDetailViewController.swift */,
				32F1467F20A9461F00D6ACB8 /* DetailTableViewCell */,
				32F1467C20A9442D00D6ACB8 /* TitleTableViewCell */,
			);
			path = TestHero;
			sourceTree = "<group>";
		};
		32F1467C20A9442D00D6ACB8 /* TitleTableViewCell */ = {
			isa = PBXGroup;
			children = (
				32F1467D20A945DD00D6ACB8 /* TitleTableViewCell.xib */,
				32F1468520A948F300D6ACB8 /* TitleTableViewCell.swift */,
			);
			path = TitleTableViewCell;
			sourceTree = "<group>";
		};
		32F1467F20A9461F00D6ACB8 /* DetailTableViewCell */ = {
			isa = PBXGroup;
			children = (
				32F1468020A9464F00D6ACB8 /* HeroDetailTableViewCell.xib */,
				32F1468920A949CE00D6ACB8 /* HeroDetailTableViewCell.swift */,
			);
			path = DetailTableViewCell;
			sourceTree = "<group>";
		};
		B6FF0B1522012E7E6E95CEA0 /* Pods */ = {
			isa = PBXGroup;
			children = (
				A08B24D88187CCDDD4C6C9B8 /* Pods-GoToMarket.debug.xcconfig */,
				2B70D9092DCC0B0C641D95C9 /* Pods-GoToMarket.release.xcconfig */,
			);
			name = Pods;
			sourceTree = "<group>";
		};
		EF202FB28D49F4603D5A68AF /* Frameworks */ = {
			isa = PBXGroup;
			children = (
				3C254E305E16CD1431F91097 /* Pods_GoToMarket.framework */,
			);
			name = Frameworks;
			sourceTree = "<group>";
		};
/* End PBXGroup section */

/* Begin PBXNativeTarget section */
		329BC6C2209700D600CC9096 /* GoToMarket */ = {
			isa = PBXNativeTarget;
			buildConfigurationList = 329BC6D8209700D700CC9096 /* Build configuration list for PBXNativeTarget "GoToMarket" */;
			buildPhases = (
				BE36FDC57FF3753C150D15DC /* [CP] Check Pods Manifest.lock */,
				329BC6BF209700D600CC9096 /* Sources */,
				329BC6C0209700D600CC9096 /* Frameworks */,
				329BC6C1209700D600CC9096 /* Resources */,
				162C552C1FFFD841D1855AAD /* [CP] Embed Pods Frameworks */,
			);
			buildRules = (
			);
			dependencies = (
			);
			name = GoToMarket;
			productName = GoToMarket;
			productReference = 329BC6C3209700D600CC9096 /* GoToMarket.app */;
			productType = "com.apple.product-type.application";
		};
/* End PBXNativeTarget section */

/* Begin PBXProject section */
		329BC6BB209700D600CC9096 /* Project object */ = {
			isa = PBXProject;
			attributes = {
				LastSwiftUpdateCheck = 0930;
				LastUpgradeCheck = 0930;
				ORGANIZATIONNAME = "許庭瑋";
				TargetAttributes = {
					329BC6C2209700D600CC9096 = {
						CreatedOnToolsVersion = 9.3;
					};
				};
			};
			buildConfigurationList = 329BC6BE209700D600CC9096 /* Build configuration list for PBXProject "GoToMarket" */;
			compatibilityVersion = "Xcode 9.3";
			developmentRegion = en;
			hasScannedForEncodings = 0;
			knownRegions = (
				en,
				Base,
			);
			mainGroup = 329BC6BA209700D600CC9096;
			productRefGroup = 329BC6C4209700D600CC9096 /* Products */;
			projectDirPath = "";
			projectRoot = "";
			targets = (
				329BC6C2209700D600CC9096 /* GoToMarket */,
			);
		};
/* End PBXProject section */

/* Begin PBXResourcesBuildPhase section */
		329BC6C1209700D600CC9096 /* Resources */ = {
			isa = PBXResourcesBuildPhase;
			buildActionMask = 2147483647;
			files = (
				32B1E38F20AED57100336B09 /* DetailHistoryTableViewCell.xib in Resources */,
				32F1467E20A945DD00D6ACB8 /* TitleTableViewCell.xib in Resources */,
				32070B5520A53DD200A6BA27 /* Notes.storyboard in Resources */,
				32070B6220A5556300A6BA27 /* TabBar.storyboard in Resources */,
				329BC6D4209700D700CC9096 /* LaunchScreen.storyboard in Resources */,
				32DB8BD620AD9DE800EFE687 /* ChartCollectionViewCell.xib in Resources */,
				32B1E38920AED54B00336B09 /* DetailQuotesTableViewCell.xib in Resources */,
				32B1E38320AED4DB00336B09 /* DetailTitleTableViewCell.xib in Resources */,
				3217C15720B420D6006B9DA7 /* NoteTableViewCell.xib in Resources */,
				32070B5320A53DBB00A6BA27 /* TestFolding.storyboard in Resources */,
				326D78F520A5DF6D00EE0887 /* TestFoldingTableViewCell.xib in Resources */,
				32B1E38720AED4FF00336B09 /* DetailIntroTableViewCell.xib in Resources */,
				32070B5920A53E2300A6BA27 /* Settings.storyboard in Resources */,
				32B1E3A220B169DC00336B09 /* Loading.storyboard in Resources */,
				3230F3DA20AAB545002812E0 /* Quotes.storyboard in Resources */,
				329BC6D1209700D700CC9096 /* Assets.xcassets in Resources */,
				32F1468120A9464F00D6ACB8 /* HeroDetailTableViewCell.xib in Resources */,
				32070B5720A53E0000A6BA27 /* Detail.storyboard in Resources */,
				32B1E3B020B17F7200336B09 /* success.json in Resources */,
				32F1468420A947FA00D6ACB8 /* TestHero.storyboard in Resources */,
				32B1E3B320B17F7D00336B09 /* loading.json in Resources */,
				329BC6CC209700D600CC9096 /* MainTab.storyboard in Resources */,
				327E1B6720A1F7F60020511A /* MarketSetting.storyboard in Resources */,
				32B1E3B120B17F7200336B09 /* warning.json in Resources */,
				3230F3D120AA86C0002812E0 /* QuotesTableViewCell.xib in Resources */,
			);
			runOnlyForDeploymentPostprocessing = 0;
		};
/* End PBXResourcesBuildPhase section */

/* Begin PBXShellScriptBuildPhase section */
		162C552C1FFFD841D1855AAD /* [CP] Embed Pods Frameworks */ = {
			isa = PBXShellScriptBuildPhase;
			buildActionMask = 2147483647;
			files = (
			);
			inputPaths = (
				"${SRCROOT}/Pods/Target Support Files/Pods-GoToMarket/Pods-GoToMarket-frameworks.sh",
				"${BUILT_PRODUCTS_DIR}/Alamofire/Alamofire.framework",
				"${BUILT_PRODUCTS_DIR}/Charts/Charts.framework",
				"${BUILT_PRODUCTS_DIR}/Hero/Hero.framework",
				"${BUILT_PRODUCTS_DIR}/IQKeyboardManagerSwift/IQKeyboardManagerSwift.framework",
				"${BUILT_PRODUCTS_DIR}/RAMAnimatedTabBarController/RAMAnimatedTabBarController.framework",
				"${BUILT_PRODUCTS_DIR}/SDWebImage/SDWebImage.framework",
				"${BUILT_PRODUCTS_DIR}/SwipeCellKit/SwipeCellKit.framework",
				"${BUILT_PRODUCTS_DIR}/lottie-ios/Lottie.framework",
			);
			name = "[CP] Embed Pods Frameworks";
			outputPaths = (
				"${TARGET_BUILD_DIR}/${FRAMEWORKS_FOLDER_PATH}/Alamofire.framework",
				"${TARGET_BUILD_DIR}/${FRAMEWORKS_FOLDER_PATH}/Charts.framework",
				"${TARGET_BUILD_DIR}/${FRAMEWORKS_FOLDER_PATH}/Hero.framework",
				"${TARGET_BUILD_DIR}/${FRAMEWORKS_FOLDER_PATH}/IQKeyboardManagerSwift.framework",
				"${TARGET_BUILD_DIR}/${FRAMEWORKS_FOLDER_PATH}/RAMAnimatedTabBarController.framework",
				"${TARGET_BUILD_DIR}/${FRAMEWORKS_FOLDER_PATH}/SDWebImage.framework",
				"${TARGET_BUILD_DIR}/${FRAMEWORKS_FOLDER_PATH}/SwipeCellKit.framework",
				"${TARGET_BUILD_DIR}/${FRAMEWORKS_FOLDER_PATH}/Lottie.framework",
			);
			runOnlyForDeploymentPostprocessing = 0;
			shellPath = /bin/sh;
			shellScript = "\"${SRCROOT}/Pods/Target Support Files/Pods-GoToMarket/Pods-GoToMarket-frameworks.sh\"\n";
			showEnvVarsInLog = 0;
		};
		BE36FDC57FF3753C150D15DC /* [CP] Check Pods Manifest.lock */ = {
			isa = PBXShellScriptBuildPhase;
			buildActionMask = 2147483647;
			files = (
			);
			inputPaths = (
				"${PODS_PODFILE_DIR_PATH}/Podfile.lock",
				"${PODS_ROOT}/Manifest.lock",
			);
			name = "[CP] Check Pods Manifest.lock";
			outputPaths = (
				"$(DERIVED_FILE_DIR)/Pods-GoToMarket-checkManifestLockResult.txt",
			);
			runOnlyForDeploymentPostprocessing = 0;
			shellPath = /bin/sh;
			shellScript = "diff \"${PODS_PODFILE_DIR_PATH}/Podfile.lock\" \"${PODS_ROOT}/Manifest.lock\" > /dev/null\nif [ $? != 0 ] ; then\n    # print error to STDERR\n    echo \"error: The sandbox is not in sync with the Podfile.lock. Run 'pod install' or update your CocoaPods installation.\" >&2\n    exit 1\nfi\n# This output is used by Xcode 'outputs' to avoid re-running this script phase.\necho \"SUCCESS\" > \"${SCRIPT_OUTPUT_FILE_0}\"\n";
			showEnvVarsInLog = 0;
		};
/* End PBXShellScriptBuildPhase section */

/* Begin PBXSourcesBuildPhase section */
		329BC6BF209700D600CC9096 /* Sources */ = {
			isa = PBXSourcesBuildPhase;
			buildActionMask = 2147483647;
			files = (
				32070B6E20A5AC9500A6BA27 /* RAMBounceAnimation.swift in Sources */,
				327A4DF9209C48D200B3EEE9 /* UserNotes+CoreDataClass.swift in Sources */,
				32B1E39120AED98100336B09 /* DetailTableViewCellDelegate.swift in Sources */,
				3230F3EB20AC1509002812E0 /* WikiManager.swift in Sources */,
				32B1E3B820B1AB1B00336B09 /* SettingViewController.swift in Sources */,
				3230F3ED20AC15BC002812E0 /* WikiStruct.swift in Sources */,
				329BC6F6209986EF00CC9096 /* CropProvider.swift in Sources */,
				32B1E38D20AED56800336B09 /* DetailHistoryTableViewCell.swift in Sources */,
				3230F3D620AAB025002812E0 /* QuotesTableViewCell.swift in Sources */,
				32070B4B20A44CA700A6BA27 /* OpenDataApiStruct.swift in Sources */,
				3230F3E120AAB928002812E0 /* ExtensionQuotesViewController.swift in Sources */,
				32E4862220A7515600DA531C /* TestFoldingViewController.swift in Sources */,
				32D81CD920AC7B9900514F31 /* ExtensionString.swift in Sources */,
				32136E6E20B7EC2500663C6E /* toolBarViewController.swift in Sources */,
				327E1B6D20A2CBAC0020511A /* LoadingIndexStruct.swift in Sources */,
				32B1E3C220B2CBD100336B09 /* ExtensionUIImage.swift in Sources */,
				329BC6E42098496E00CC9096 /* CropDatas+CoreDataProperties.swift in Sources */,
				32136E7720B8449600663C6E /* NSSortDescriptorProvider.swift in Sources */,
				32BB0C572099E638001ECF52 /* ViewController.swift in Sources */,
				32136E7420B83DEC00663C6E /* SortButtonStruct.swift in Sources */,
				32B1E3AD20B16F2C00336B09 /* LoadingViewController.swift in Sources */,
				32B1E3B520B1814200336B09 /* AnimationConstant.swift in Sources */,
				329BC6DE2097198400CC9096 /* CropConstant.swift in Sources */,
				32B1E39E20B02C2B00336B09 /* MarketsTableViewController.swift in Sources */,
				327A4DFA209C48D200B3EEE9 /* UserNotes+CoreDataProperties.swift in Sources */,
				327A4E0320A0566400B3EEE9 /* NoteManager.swift in Sources */,
				32136E7920B84ACA00663C6E /* NSSortDescriptorManager.swift in Sources */,
				32B1E37B20AEC1C200336B09 /* ExtensionArray.swift in Sources */,
				3230F3DF20AAB750002812E0 /* DetailViewController.swift in Sources */,
				32BB0C5D209AC414001ECF52 /* ExtensionOfNSFetchResultsController.swift in Sources */,
				329BC6C7209700D600CC9096 /* AppDelegate.swift in Sources */,
				32F1468F20A94D4800D6ACB8 /* TestHeroDetailViewController.swift in Sources */,
				32F1468620A948F300D6ACB8 /* TitleTableViewCell.swift in Sources */,
				32B1E39320AEEA5100336B09 /* DetailRowType.swift in Sources */,
				329BC6E32098496E00CC9096 /* CropDatas+CoreDataClass.swift in Sources */,
				32DB8BD320AD9BF300EFE687 /* ChartViewController.swift in Sources */,
				3230F3E920AC1340002812E0 /* WikiConstant.swift in Sources */,
				32070B5120A52D6000A6BA27 /* CustomTableViewCell.swift in Sources */,
				3230F3E620AAD1CA002812E0 /* PriceStringProvider.swift in Sources */,
				32BB0C5B209AC193001ECF52 /* FetchedResultsTableViewController.swift in Sources */,
				327A4DFF209F438F00B3EEE9 /* NoteConstant.swift in Sources */,
				3217C15420B3BBB2006B9DA7 /* ExtnesionUIView.swift in Sources */,
				329BC6CF209700D600CC9096 /* GoToMarket.xcdatamodeld in Sources */,
				329BC6EF2099710400CC9096 /* ODHTTPRequest.swift in Sources */,
				32DB8BD820AD9F8800EFE687 /* ChartCollectionViewCell.swift in Sources */,
				32B1E38120AED4C900336B09 /* DetailTitleTableViewCell.swift in Sources */,
				32F1468A20A949CE00D6ACB8 /* HeroDetailTableViewCell.swift in Sources */,
				329BC6DC209701BA00CC9096 /* CropStruct.swift in Sources */,
				32070B6720A5670900A6BA27 /* ExtensionUIStoryboard.swift in Sources */,
				32BB0C5F209AC450001ECF52 /* CoreDataDemoTableViewController.swift in Sources */,
				3230F3DD20AAB734002812E0 /* QuotesViewController.swift in Sources */,
				32BB0C5320999814001ECF52 /* TWDateProvider.swift in Sources */,
				327E1B6F20A2D2950020511A /* LoadingTaskKeeper.swift in Sources */,
				32FFB45720B69D0800D92064 /* ExtensionUIViewController.swift in Sources */,
				32F1468D20A94A6100D6ACB8 /* TestHeroViewController.swift in Sources */,
				326D78F220A5D4D400EE0887 /* TestFoldingTableViewCell.swift in Sources */,
				32B1E3A020B034B100336B09 /* EnumCollection.swift in Sources */,
				3217C15920B47FBE006B9DA7 /* NoteTableViewCell.swift in Sources */,
				32E4861E20A6C18D00DA531C /* GoToMarketConstant.swift in Sources */,
				32B1E38520AED4F400336B09 /* DetailIntroTableViewCell.swift in Sources */,
				32B1E38B20AED55800336B09 /* DetailQuotesTableViewCell.swift in Sources */,
				327A4E0120A0542F00B3EEE9 /* NoteProvider.swift in Sources */,
				3217C15C20B4FED5006B9DA7 /* NoteViewController.swift in Sources */,
				32070B6420A5616800A6BA27 /* TabBarViewController.swift in Sources */,
				32BB0C552099BE30001ECF52 /* CropManager.swift in Sources */,
				329BC6F320997D3C00CC9096 /* HTTPClient.swift in Sources */,
				32070B6A20A56C9600A6BA27 /* GoToMarketColor.swift in Sources */,
				329BC6F1209971FF00CC9096 /* GoToMarketError.swift in Sources */,
				32B1E39A20B02AC900336B09 /* MarketSettingViewController.swift in Sources */,
				3230F3F120AC1C50002812E0 /* HTTPRequest.swift in Sources */,
			);
			runOnlyForDeploymentPostprocessing = 0;
		};
/* End PBXSourcesBuildPhase section */

/* Begin PBXVariantGroup section */
		329BC6CA209700D600CC9096 /* MainTab.storyboard */ = {
			isa = PBXVariantGroup;
			children = (
				329BC6CB209700D600CC9096 /* Base */,
			);
			name = MainTab.storyboard;
			sourceTree = "<group>";
		};
		329BC6D2209700D700CC9096 /* LaunchScreen.storyboard */ = {
			isa = PBXVariantGroup;
			children = (
				329BC6D3209700D700CC9096 /* Base */,
			);
			name = LaunchScreen.storyboard;
			sourceTree = "<group>";
		};
/* End PBXVariantGroup section */

/* Begin XCBuildConfiguration section */
		329BC6D6209700D700CC9096 /* Debug */ = {
			isa = XCBuildConfiguration;
			buildSettings = {
				ALWAYS_SEARCH_USER_PATHS = NO;
				CLANG_ANALYZER_NONNULL = YES;
				CLANG_ANALYZER_NUMBER_OBJECT_CONVERSION = YES_AGGRESSIVE;
				CLANG_CXX_LANGUAGE_STANDARD = "gnu++14";
				CLANG_CXX_LIBRARY = "libc++";
				CLANG_ENABLE_MODULES = YES;
				CLANG_ENABLE_OBJC_ARC = YES;
				CLANG_ENABLE_OBJC_WEAK = YES;
				CLANG_WARN_BLOCK_CAPTURE_AUTORELEASING = YES;
				CLANG_WARN_BOOL_CONVERSION = YES;
				CLANG_WARN_COMMA = YES;
				CLANG_WARN_CONSTANT_CONVERSION = YES;
				CLANG_WARN_DEPRECATED_OBJC_IMPLEMENTATIONS = YES;
				CLANG_WARN_DIRECT_OBJC_ISA_USAGE = YES_ERROR;
				CLANG_WARN_DOCUMENTATION_COMMENTS = YES;
				CLANG_WARN_EMPTY_BODY = YES;
				CLANG_WARN_ENUM_CONVERSION = YES;
				CLANG_WARN_INFINITE_RECURSION = YES;
				CLANG_WARN_INT_CONVERSION = YES;
				CLANG_WARN_NON_LITERAL_NULL_CONVERSION = YES;
				CLANG_WARN_OBJC_IMPLICIT_RETAIN_SELF = YES;
				CLANG_WARN_OBJC_LITERAL_CONVERSION = YES;
				CLANG_WARN_OBJC_ROOT_CLASS = YES_ERROR;
				CLANG_WARN_RANGE_LOOP_ANALYSIS = YES;
				CLANG_WARN_STRICT_PROTOTYPES = YES;
				CLANG_WARN_SUSPICIOUS_MOVE = YES;
				CLANG_WARN_UNGUARDED_AVAILABILITY = YES_AGGRESSIVE;
				CLANG_WARN_UNREACHABLE_CODE = YES;
				CLANG_WARN__DUPLICATE_METHOD_MATCH = YES;
				CODE_SIGN_IDENTITY = "iPhone Developer";
				COPY_PHASE_STRIP = NO;
				DEBUG_INFORMATION_FORMAT = dwarf;
				ENABLE_STRICT_OBJC_MSGSEND = YES;
				ENABLE_TESTABILITY = YES;
				GCC_C_LANGUAGE_STANDARD = gnu11;
				GCC_DYNAMIC_NO_PIC = NO;
				GCC_NO_COMMON_BLOCKS = YES;
				GCC_OPTIMIZATION_LEVEL = 0;
				GCC_PREPROCESSOR_DEFINITIONS = (
					"DEBUG=1",
					"$(inherited)",
				);
				GCC_WARN_64_TO_32_BIT_CONVERSION = YES;
				GCC_WARN_ABOUT_RETURN_TYPE = YES_ERROR;
				GCC_WARN_UNDECLARED_SELECTOR = YES;
				GCC_WARN_UNINITIALIZED_AUTOS = YES_AGGRESSIVE;
				GCC_WARN_UNUSED_FUNCTION = YES;
				GCC_WARN_UNUSED_VARIABLE = YES;
				IPHONEOS_DEPLOYMENT_TARGET = 11.3;
				MTL_ENABLE_DEBUG_INFO = YES;
				ONLY_ACTIVE_ARCH = YES;
				SDKROOT = iphoneos;
				SWIFT_ACTIVE_COMPILATION_CONDITIONS = DEBUG;
				SWIFT_OPTIMIZATION_LEVEL = "-Onone";
			};
			name = Debug;
		};
		329BC6D7209700D700CC9096 /* Release */ = {
			isa = XCBuildConfiguration;
			buildSettings = {
				ALWAYS_SEARCH_USER_PATHS = NO;
				CLANG_ANALYZER_NONNULL = YES;
				CLANG_ANALYZER_NUMBER_OBJECT_CONVERSION = YES_AGGRESSIVE;
				CLANG_CXX_LANGUAGE_STANDARD = "gnu++14";
				CLANG_CXX_LIBRARY = "libc++";
				CLANG_ENABLE_MODULES = YES;
				CLANG_ENABLE_OBJC_ARC = YES;
				CLANG_ENABLE_OBJC_WEAK = YES;
				CLANG_WARN_BLOCK_CAPTURE_AUTORELEASING = YES;
				CLANG_WARN_BOOL_CONVERSION = YES;
				CLANG_WARN_COMMA = YES;
				CLANG_WARN_CONSTANT_CONVERSION = YES;
				CLANG_WARN_DEPRECATED_OBJC_IMPLEMENTATIONS = YES;
				CLANG_WARN_DIRECT_OBJC_ISA_USAGE = YES_ERROR;
				CLANG_WARN_DOCUMENTATION_COMMENTS = YES;
				CLANG_WARN_EMPTY_BODY = YES;
				CLANG_WARN_ENUM_CONVERSION = YES;
				CLANG_WARN_INFINITE_RECURSION = YES;
				CLANG_WARN_INT_CONVERSION = YES;
				CLANG_WARN_NON_LITERAL_NULL_CONVERSION = YES;
				CLANG_WARN_OBJC_IMPLICIT_RETAIN_SELF = YES;
				CLANG_WARN_OBJC_LITERAL_CONVERSION = YES;
				CLANG_WARN_OBJC_ROOT_CLASS = YES_ERROR;
				CLANG_WARN_RANGE_LOOP_ANALYSIS = YES;
				CLANG_WARN_STRICT_PROTOTYPES = YES;
				CLANG_WARN_SUSPICIOUS_MOVE = YES;
				CLANG_WARN_UNGUARDED_AVAILABILITY = YES_AGGRESSIVE;
				CLANG_WARN_UNREACHABLE_CODE = YES;
				CLANG_WARN__DUPLICATE_METHOD_MATCH = YES;
				CODE_SIGN_IDENTITY = "iPhone Developer";
				COPY_PHASE_STRIP = NO;
				DEBUG_INFORMATION_FORMAT = "dwarf-with-dsym";
				ENABLE_NS_ASSERTIONS = NO;
				ENABLE_STRICT_OBJC_MSGSEND = YES;
				GCC_C_LANGUAGE_STANDARD = gnu11;
				GCC_NO_COMMON_BLOCKS = YES;
				GCC_WARN_64_TO_32_BIT_CONVERSION = YES;
				GCC_WARN_ABOUT_RETURN_TYPE = YES_ERROR;
				GCC_WARN_UNDECLARED_SELECTOR = YES;
				GCC_WARN_UNINITIALIZED_AUTOS = YES_AGGRESSIVE;
				GCC_WARN_UNUSED_FUNCTION = YES;
				GCC_WARN_UNUSED_VARIABLE = YES;
				IPHONEOS_DEPLOYMENT_TARGET = 11.3;
				MTL_ENABLE_DEBUG_INFO = NO;
				SDKROOT = iphoneos;
				SWIFT_COMPILATION_MODE = wholemodule;
				SWIFT_OPTIMIZATION_LEVEL = "-O";
				VALIDATE_PRODUCT = YES;
			};
			name = Release;
		};
		329BC6D9209700D700CC9096 /* Debug */ = {
			isa = XCBuildConfiguration;
			baseConfigurationReference = A08B24D88187CCDDD4C6C9B8 /* Pods-GoToMarket.debug.xcconfig */;
			buildSettings = {
				ASSETCATALOG_COMPILER_APPICON_NAME = AppIcon;
				CODE_SIGN_STYLE = Automatic;
				DEVELOPMENT_TEAM = 4752Z4M68V;
				INFOPLIST_FILE = GoToMarket/Info.plist;
				LD_RUNPATH_SEARCH_PATHS = (
					"$(inherited)",
					"@executable_path/Frameworks",
				);
				PRODUCT_BUNDLE_IDENTIFIER = com.BigRoot.GoToMarket;
				PRODUCT_NAME = "$(TARGET_NAME)";
				SWIFT_VERSION = 4.0;
				TARGETED_DEVICE_FAMILY = "1,2";
			};
			name = Debug;
		};
		329BC6DA209700D700CC9096 /* Release */ = {
			isa = XCBuildConfiguration;
			baseConfigurationReference = 2B70D9092DCC0B0C641D95C9 /* Pods-GoToMarket.release.xcconfig */;
			buildSettings = {
				ASSETCATALOG_COMPILER_APPICON_NAME = AppIcon;
				CODE_SIGN_STYLE = Automatic;
				DEVELOPMENT_TEAM = 4752Z4M68V;
				INFOPLIST_FILE = GoToMarket/Info.plist;
				LD_RUNPATH_SEARCH_PATHS = (
					"$(inherited)",
					"@executable_path/Frameworks",
				);
				PRODUCT_BUNDLE_IDENTIFIER = com.BigRoot.GoToMarket;
				PRODUCT_NAME = "$(TARGET_NAME)";
				SWIFT_VERSION = 4.0;
				TARGETED_DEVICE_FAMILY = "1,2";
			};
			name = Release;
		};
/* End XCBuildConfiguration section */

/* Begin XCConfigurationList section */
		329BC6BE209700D600CC9096 /* Build configuration list for PBXProject "GoToMarket" */ = {
			isa = XCConfigurationList;
			buildConfigurations = (
				329BC6D6209700D700CC9096 /* Debug */,
				329BC6D7209700D700CC9096 /* Release */,
			);
			defaultConfigurationIsVisible = 0;
			defaultConfigurationName = Release;
		};
		329BC6D8209700D700CC9096 /* Build configuration list for PBXNativeTarget "GoToMarket" */ = {
			isa = XCConfigurationList;
			buildConfigurations = (
				329BC6D9209700D700CC9096 /* Debug */,
				329BC6DA209700D700CC9096 /* Release */,
			);
			defaultConfigurationIsVisible = 0;
			defaultConfigurationName = Release;
		};
/* End XCConfigurationList section */

/* Begin XCVersionGroup section */
		329BC6CD209700D600CC9096 /* GoToMarket.xcdatamodeld */ = {
			isa = XCVersionGroup;
			children = (
				329BC6CE209700D600CC9096 /* GoToMarket.xcdatamodel */,
			);
			currentVersion = 329BC6CE209700D600CC9096 /* GoToMarket.xcdatamodel */;
			path = GoToMarket.xcdatamodeld;
			sourceTree = "<group>";
			versionGroupType = wrapper.xcdatamodel;
		};
/* End XCVersionGroup section */
	};
	rootObject = 329BC6BB209700D600CC9096 /* Project object */;
}
