PODS:
  - Alamofire (4.7.2)
  - Charts (3.1.1):
    - Charts/Core (= 3.1.1)
  - Charts/Core (3.1.1)
  - Crashlytics (3.10.1):
    - Fabric (~> 1.7.5)
  - Fabric (1.7.6)
  - Firebase/Core (4.13.0):
    - FirebaseAnalytics (= 4.2.0)
    - FirebaseCore (= 4.0.20)
  - FirebaseAnalytics (4.2.0):
    - FirebaseCore (~> 4.0)
    - FirebaseInstanceID (~> 2.0)
    - "GoogleToolboxForMac/NSData+zlib (~> 2.1)"
    - nanopb (~> 0.3)
  - FirebaseCore (4.0.20):
    - "GoogleToolboxForMac/NSData+zlib (~> 2.1)"
  - FirebaseInstanceID (2.0.10):
    - FirebaseCore (~> 4.0)
  - GoogleToolboxForMac/Defines (2.1.3)
  - "GoogleToolboxForMac/NSData+zlib (2.1.3)":
    - GoogleToolboxForMac/Defines (= 2.1.3)
  - Hero (1.2.0)
  - IQKeyboardManagerSwift (6.0.1)
  - lottie-ios (2.5.0)
  - nanopb (0.3.8):
    - nanopb/decode (= 0.3.8)
    - nanopb/encode (= 0.3.8)
  - nanopb/decode (0.3.8)
  - nanopb/encode (0.3.8)
  - RAMAnimatedTabBarController (3.1.0)
  - SDWebImage (4.3.3):
    - SDWebImage/Core (= 4.3.3)
  - SDWebImage/Core (4.3.3)
  - SwiftMessages (4.1.2)
  - SwipeCellKit (2.2.0)

DEPENDENCIES:
  - Alamofire
  - Charts
  - Crashlytics
  - Fabric
  - Firebase/Core
  - Hero
  - IQKeyboardManagerSwift
  - lottie-ios
  - RAMAnimatedTabBarController
  - SDWebImage
  - SwiftMessages
  - SwipeCellKit

SPEC REPOS:
  https://github.com/CocoaPods/Specs.git:
    - Alamofire
    - Charts
    - Crashlytics
    - Fabric
    - Firebase
    - FirebaseAnalytics
    - FirebaseCore
    - FirebaseInstanceID
    - GoogleToolboxForMac
    - Hero
    - IQKeyboardManagerSwift
    - lottie-ios
    - nanopb
    - RAMAnimatedTabBarController
    - SDWebImage
    - SwiftMessages
    - SwipeCellKit

SPEC CHECKSUMS:
  Alamofire: e4fa87002c137ba2d8d634d2c51fabcda0d5c223
  Charts: 90a4d61da0f6e06684c591e3bcab11940fe61736
  Crashlytics: aee1a064cbbf99b32efa3f056a5f458d846bc8ff
  Fabric: f8d42c893bb187326a7968b62abe55c36a987a46
  Firebase: 5ec5e863d269d82d66b4bf56856726f8fb8f0fb3
  FirebaseAnalytics: 7ef69e76a5142f643aeb47c780e1cdce4e23632e
  FirebaseCore: 90cb1c53d69b556f112a1bf72b5fcfaad7650790
  FirebaseInstanceID: 8d20d890d65c917f9f7d9950b6e10a760ad34321
  GoogleToolboxForMac: 2501e2ad72a52eb3dfe7bd9aee7dad11b858bd20
  Hero: 33dadf2cd1c98af71e213dcbc2902e6e03622a4e
  IQKeyboardManagerSwift: 748d06e0f8134fc28934031e6377da3cf3d4f38c
  lottie-ios: d699fdee68d7b63e721d949388b015fef1aaa4ac
  nanopb: 5601e6bca2dbf1ed831b519092ec110f66982ca3
  RAMAnimatedTabBarController: 3c40472db54eda74d465583f8c7f571b206c54d6
  SDWebImage: de4d90b5bff3571eae7bd16202b1f43135409fa5
  SwiftMessages: d81f48c1f8b6bc1dbebdfffe11226f0344f937ca
  SwipeCellKit: 8ae09401e1137566b187980d824310129233c959

PODFILE CHECKSUM: a9dec1e745949fb3081c09bae3576140d999dcd6

COCOAPODS: 1.5.0
